{
  "name": "xmcloud-foundation",
  "version": "ver22-canary",
  "lockfileVersion": 3,
  "requires": true,
  "packages": {
    "": {
      "name": "xmcloud-foundation",
      "version": "ver22-canary",
      "license": "ISC",
      "engines": {
        "node": ">=20.0.0",
        "pnpm": ">=9.11.0"
      }
    }
  }
}
